// !$*UTF8*$!
{
	archiveVersion = 1;
	classes = {
	};
	objectVersion = 46;
	objects = {

/* Begin PBXBuildFile section */
		53D15F0A1EBCA7BD000EC95C /* main.m in Sources */ = {isa = PBXBuildFile; fileRef = 53D15F091EBCA7BD000EC95C /* main.m */; };
		53D15F0D1EBCA7BD000EC95C /* AppDelegate.m in Sources */ = {isa = PBXBuildFile; fileRef = 53D15F0C1EBCA7BD000EC95C /* AppDelegate.m */; };
		53D15F101EBCA7BD000EC95C /* ViewController.mm in Sources */ = {isa = PBXBuildFile; fileRef = 53D15F0F1EBCA7BD000EC95C /* ViewController.mm */; };
		53D15F131EBCA7BD000EC95C /* Main.storyboard in Resources */ = {isa = PBXBuildFile; fileRef = 53D15F111EBCA7BD000EC95C /* Main.storyboard */; };
		53D15F151EBCA7BD000EC95C /* Assets.xcassets in Resources */ = {isa = PBXBuildFile; fileRef = 53D15F141EBCA7BD000EC95C /* Assets.xcassets */; };
		53D15F181EBCA7BD000EC95C /* LaunchScreen.storyboard in Resources */ = {isa = PBXBuildFile; fileRef = 53D15F161EBCA7BD000EC95C /* LaunchScreen.storyboard */; };
		53D15F241EBCA84E000EC95C /* opencv2.framework in Frameworks */ = {isa = PBXBuildFile; fileRef = 53D15F231EBCA84E000EC95C /* opencv2.framework */; };
		53D15F271EBCA8F3000EC95C /* CoreMedia.framework in Frameworks */ = {isa = PBXBuildFile; fileRef = 53D15F261EBCA8F3000EC95C /* CoreMedia.framework */; };
		53D15F291EBCA8F7000EC95C /* AVFoundation.framework in Frameworks */ = {isa = PBXBuildFile; fileRef = 53D15F281EBCA8F7000EC95C /* AVFoundation.framework */; };
		53D15F441EBCAA37000EC95C /* HQQCVTool.mm in Sources */ = {isa = PBXBuildFile; fileRef = 53D15F431EBCAA37000EC95C /* HQQCVTool.mm */; };
		53D15F481EBCAA8D000EC95C /* test.jpg in Resources */ = {isa = PBXBuildFile; fileRef = 53D15F461EBCAA8D000EC95C /* test.jpg */; };
		53D15F491EBCAA8D000EC95C /* test.mp4 in Resources */ = {isa = PBXBuildFile; fileRef = 53D15F471EBCAA8D000EC95C /* test.mp4 */; };
/* End PBXBuildFile section */

/* Begin PBXFileReference section */
		53D15F051EBCA7BD000EC95C /* OpenCV-02-显示图片和视频.app */ = {isa = PBXFileReference; explicitFileType = wrapper.application; includeInIndex = 0; path = "OpenCV-02-显示图片和视频.app"; sourceTree = BUILT_PRODUCTS_DIR; };
		53D15F091EBCA7BD000EC95C /* main.m */ = {isa = PBXFileReference; lastKnownFileType = sourcecode.c.objc; path = main.m; sourceTree = "<group>"; };
		53D15F0B1EBCA7BD000EC95C /* AppDelegate.h */ = {isa = PBXFileReference; lastKnownFileType = sourcecode.c.h; path = AppDelegate.h; sourceTree = "<group>"; };
		53D15F0C1EBCA7BD000EC95C /* AppDelegate.m */ = {isa = PBXFileReference; lastKnownFileType = sourcecode.c.objc; path = AppDelegate.m; sourceTree = "<group>"; };
		53D15F0E1EBCA7BD000EC95C /* ViewController.h */ = {isa = PBXFileReference; lastKnownFileType = sourcecode.c.h; path = ViewController.h; sourceTree = "<group>"; };
		53D15F0F1EBCA7BD000EC95C /* ViewController.mm */ = {isa = PBXFileReference; lastKnownFileType = sourcecode.cpp.objcpp; path = ViewController.mm; sourceTree = "<group>"; };
		53D15F121EBCA7BD000EC95C /* Base */ = {isa = PBXFileReference; lastKnownFileType = file.storyboard; name = Base; path = Base.lproj/Main.storyboard; sourceTree = "<group>"; };
		53D15F141EBCA7BD000EC95C /* Assets.xcassets */ = {isa = PBXFileReference; lastKnownFileType = folder.assetcatalog; path = Assets.xcassets; sourceTree = "<group>"; };
		53D15F171EBCA7BD000EC95C /* Base */ = {isa = PBXFileReference; lastKnownFileType = file.storyboard; name = Base; path = Base.lproj/LaunchScreen.storyboard; sourceTree = "<group>"; };
		53D15F191EBCA7BD000EC95C /* Info.plist */ = {isa = PBXFileReference; lastKnownFileType = text.plist.xml; path = Info.plist; sourceTree = "<group>"; };
		53D15F231EBCA84E000EC95C /* opencv2.framework */ = {isa = PBXFileReference; lastKnownFileType = wrapper.framework; name = opencv2.framework; path = ../opencv2.framework; sourceTree = "<group>"; };
		53D15F261EBCA8F3000EC95C /* CoreMedia.framework */ = {isa = PBXFileReference; lastKnownFileType = wrapper.framework; name = CoreMedia.framework; path = System/Library/Frameworks/CoreMedia.framework; sourceTree = SDKROOT; };
		53D15F281EBCA8F7000EC95C /* AVFoundation.framework */ = {isa = PBXFileReference; lastKnownFileType = wrapper.framework; name = AVFoundation.framework; path = System/Library/Frameworks/AVFoundation.framework; sourceTree = SDKROOT; };
		53D15F421EBCAA37000EC95C /* HQQCVTool.hpp */ = {isa = PBXFileReference; fileEncoding = 4; lastKnownFileType = sourcecode.cpp.h; path = HQQCVTool.hpp; sourceTree = "<group>"; };
		53D15F431EBCAA37000EC95C /* HQQCVTool.mm */ = {isa = PBXFileReference; fileEncoding = 4; lastKnownFileType = sourcecode.cpp.objcpp; path = HQQCVTool.mm; sourceTree = "<group>"; };
		53D15F461EBCAA8D000EC95C /* test.jpg */ = {isa = PBXFileReference; lastKnownFileType = image.jpeg; path = test.jpg; sourceTree = "<group>"; };
		53D15F471EBCAA8D000EC95C /* test.mp4 */ = {isa = PBXFileReference; lastKnownFileType = file; path = test.mp4; sourceTree = "<group>"; };
/* End PBXFileReference section */

/* Begin PBXFrameworksBuildPhase section */
		53D15F021EBCA7BD000EC95C /* Frameworks */ = {
			isa = PBXFrameworksBuildPhase;
			buildActionMask = 2147483647;
			files = (
				53D15F291EBCA8F7000EC95C /* AVFoundation.framework in Frameworks */,
				53D15F271EBCA8F3000EC95C /* CoreMedia.framework in Frameworks */,
				53D15F241EBCA84E000EC95C /* opencv2.framework in Frameworks */,
			);
			runOnlyForDeploymentPostprocessing = 0;
		};
/* End PBXFrameworksBuildPhase section */

/* Begin PBXGroup section */
		53D15EFC1EBCA7BD000EC95C = {
			isa = PBXGroup;
			children = (
				53D15F231EBCA84E000EC95C /* opencv2.framework */,
				53D15F071EBCA7BD000EC95C /* OpenCV-02-显示图片和视频 */,
				53D15F061EBCA7BD000EC95C /* Products */,
				53D15F251EBCA8F3000EC95C /* Frameworks */,
			);
			sourceTree = "<group>";
		};
		53D15F061EBCA7BD000EC95C /* Products */ = {
			isa = PBXGroup;
			children = (
				53D15F051EBCA7BD000EC95C /* OpenCV-02-显示图片和视频.app */,
			);
			name = Products;
			sourceTree = "<group>";
		};
		53D15F071EBCA7BD000EC95C /* OpenCV-02-显示图片和视频 */ = {
			isa = PBXGroup;
			children = (
				53D15F451EBCAA8D000EC95C /* res */,
				53D15F411EBCAA37000EC95C /* Tool */,
				53D15F0B1EBCA7BD000EC95C /* AppDelegate.h */,
				53D15F0C1EBCA7BD000EC95C /* AppDelegate.m */,
				53D15F0E1EBCA7BD000EC95C /* ViewController.h */,
				53D15F0F1EBCA7BD000EC95C /* ViewController.mm */,
				53D15F111EBCA7BD000EC95C /* Main.storyboard */,
				53D15F141EBCA7BD000EC95C /* Assets.xcassets */,
				53D15F161EBCA7BD000EC95C /* LaunchScreen.storyboard */,
				53D15F191EBCA7BD000EC95C /* Info.plist */,
				53D15F081EBCA7BD000EC95C /* Supporting Files */,
			);
			path = "OpenCV-02-显示图片和视频";
			sourceTree = "<group>";
		};
		53D15F081EBCA7BD000EC95C /* Supporting Files */ = {
			isa = PBXGroup;
			children = (
				53D15F091EBCA7BD000EC95C /* main.m */,
			);
			name = "Supporting Files";
			sourceTree = "<group>";
		};
		53D15F251EBCA8F3000EC95C /* Frameworks */ = {
			isa = PBXGroup;
			children = (
				53D15F281EBCA8F7000EC95C /* AVFoundation.framework */,
				53D15F261EBCA8F3000EC95C /* CoreMedia.framework */,
			);
			name = Frameworks;
			sourceTree = "<group>";
		};
		53D15F411EBCAA37000EC95C /* Tool */ = {
			isa = PBXGroup;
			children = (
				53D15F421EBCAA37000EC95C /* HQQCVTool.hpp */,
				53D15F431EBCAA37000EC95C /* HQQCVTool.mm */,
			);
			path = Tool;
			sourceTree = "<group>";
		};
		53D15F451EBCAA8D000EC95C /* res */ = {
			isa = PBXGroup;
			children = (
				53D15F461EBCAA8D000EC95C /* test.jpg */,
				53D15F471EBCAA8D000EC95C /* test.mp4 */,
			);
			name = res;
			path = ../../res;
			sourceTree = "<group>";
		};
/* End PBXGroup section */

/* Begin PBXNativeTarget section */
		53D15F041EBCA7BD000EC95C /* OpenCV-02-显示图片和视频 */ = {
			isa = PBXNativeTarget;
			buildConfigurationList = 53D15F1C1EBCA7BD000EC95C /* Build configuration list for PBXNativeTarget "OpenCV-02-显示图片和视频" */;
			buildPhases = (
				53D15F011EBCA7BD000EC95C /* Sources */,
				53D15F021EBCA7BD000EC95C /* Frameworks */,
				53D15F031EBCA7BD000EC95C /* Resources */,
			);
			buildRules = (
			);
			dependencies = (
			);
			name = "OpenCV-02-显示图片和视频";
			productName = "OpenCV-02-显示图片和视频";
			productReference = 53D15F051EBCA7BD000EC95C /* OpenCV-02-显示图片和视频.app */;
			productType = "com.apple.product-type.application";
		};
/* End PBXNativeTarget section */

/* Begin PBXProject section */
		53D15EFD1EBCA7BD000EC95C /* Project object */ = {
			isa = PBXProject;
			attributes = {
				LastUpgradeCheck = 0810;
				ORGANIZATIONNAME = "黄强强";
				TargetAttributes = {
					53D15F041EBCA7BD000EC95C = {
						CreatedOnToolsVersion = 8.1;
						DevelopmentTeam = CZNJZR433P;
						ProvisioningStyle = Automatic;
					};
				};
			};
			buildConfigurationList = 53D15F001EBCA7BD000EC95C /* Build configuration list for PBXProject "OpenCV-02-显示图片和视频" */;
			compatibilityVersion = "Xcode 3.2";
			developmentRegion = English;
			hasScannedForEncodings = 0;
			knownRegions = (
				en,
				Base,
			);
			mainGroup = 53D15EFC1EBCA7BD000EC95C;
			productRefGroup = 53D15F061EBCA7BD000EC95C /* Products */;
			projectDirPath = "";
			projectRoot = "";
			targets = (
				53D15F041EBCA7BD000EC95C /* OpenCV-02-显示图片和视频 */,
			);
		};
/* End PBXProject section */

/* Begin PBXResourcesBuildPhase section */
		53D15F031EBCA7BD000EC95C /* Resources */ = {
			isa = PBXResourcesBuildPhase;
			buildActionMask = 2147483647;
			files = (
				53D15F181EBCA7BD000EC95C /* LaunchScreen.storyboard in Resources */,
				53D15F151EBCA7BD000EC95C /* Assets.xcassets in Resources */,
				53D15F131EBCA7BD000EC95C /* Main.storyboard in Resources */,
				53D15F491EBCAA8D000EC95C /* test.mp4 in Resources */,
				53D15F481EBCAA8D000EC95C /* test.jpg in Resources */,
			);
			runOnlyForDeploymentPostprocessing = 0;
		};
/* End PBXResourcesBuildPhase section */

/* Begin PBXSourcesBuildPhase section */
		53D15F011EBCA7BD000EC95C /* Sources */ = {
			isa = PBXSourcesBuildPhase;
			buildActionMask = 2147483647;
			files = (
				53D15F101EBCA7BD000EC95C /* ViewController.mm in Sources */,
				53D15F441EBCAA37000EC95C /* HQQCVTool.mm in Sources */,
				53D15F0D1EBCA7BD000EC95C /* AppDelegate.m in Sources */,
				53D15F0A1EBCA7BD000EC95C /* main.m in Sources */,
			);
			runOnlyForDeploymentPostprocessing = 0;
		};
/* End PBXSourcesBuildPhase section */

/* Begin PBXVariantGroup section */
		53D15F111EBCA7BD000EC95C /* Main.storyboard */ = {
			isa = PBXVariantGroup;
			children = (
				53D15F121EBCA7BD000EC95C /* Base */,
			);
			name = Main.storyboard;
			sourceTree = "<group>";
		};
		53D15F161EBCA7BD000EC95C /* LaunchScreen.storyboard */ = {
			isa = PBXVariantGroup;
			children = (
				53D15F171EBCA7BD000EC95C /* Base */,
			);
			name = LaunchScreen.storyboard;
			sourceTree = "<group>";
		};
/* End PBXVariantGroup section */

/* Begin XCBuildConfiguration section */
		53D15F1A1EBCA7BD000EC95C /* Debug */ = {
			isa = XCBuildConfiguration;
			buildSettings = {
				ALWAYS_SEARCH_USER_PATHS = NO;
				CLANG_ANALYZER_NONNULL = YES;
				CLANG_CXX_LANGUAGE_STANDARD = "gnu++0x";
				CLANG_CXX_LIBRARY = "libc++";
				CLANG_ENABLE_MODULES = YES;
				CLANG_ENABLE_OBJC_ARC = YES;
				CLANG_WARN_BOOL_CONVERSION = YES;
				CLANG_WARN_CONSTANT_CONVERSION = YES;
				CLANG_WARN_DIRECT_OBJC_ISA_USAGE = YES_ERROR;
				CLANG_WARN_DOCUMENTATION_COMMENTS = YES;
				CLANG_WARN_EMPTY_BODY = YES;
				CLANG_WARN_ENUM_CONVERSION = YES;
				CLANG_WARN_INFINITE_RECURSION = YES;
				CLANG_WARN_INT_CONVERSION = YES;
				CLANG_WARN_OBJC_ROOT_CLASS = YES_ERROR;
				CLANG_WARN_SUSPICIOUS_MOVES = YES;
				CLANG_WARN_UNREACHABLE_CODE = YES;
				CLANG_WARN__DUPLICATE_METHOD_MATCH = YES;
				"CODE_SIGN_IDENTITY[sdk=iphoneos*]" = "iPhone Developer";
				COPY_PHASE_STRIP = NO;
				DEBUG_INFORMATION_FORMAT = dwarf;
				ENABLE_STRICT_OBJC_MSGSEND = YES;
				ENABLE_TESTABILITY = YES;
				GCC_C_LANGUAGE_STANDARD = gnu99;
				GCC_DYNAMIC_NO_PIC = NO;
				GCC_NO_COMMON_BLOCKS = YES;
				GCC_OPTIMIZATION_LEVEL = 0;
				GCC_PREPROCESSOR_DEFINITIONS = (
					"DEBUG=1",
					"$(inherited)",
				);
				GCC_WARN_64_TO_32_BIT_CONVERSION = YES;
				GCC_WARN_ABOUT_RETURN_TYPE = YES_ERROR;
				GCC_WARN_UNDECLARED_SELECTOR = YES;
				GCC_WARN_UNINITIALIZED_AUTOS = YES_AGGRESSIVE;
				GCC_WARN_UNUSED_FUNCTION = YES;
				GCC_WARN_UNUSED_VARIABLE = YES;
				IPHONEOS_DEPLOYMENT_TARGET = 10.1;
				MTL_ENABLE_DEBUG_INFO = YES;
				ONLY_ACTIVE_ARCH = YES;
				SDKROOT = iphoneos;
			};
			name = Debug;
		};
		53D15F1B1EBCA7BD000EC95C /* Release */ = {
			isa = XCBuildConfiguration;
			buildSettings = {
				ALWAYS_SEARCH_USER_PATHS = NO;
				CLANG_ANALYZER_NONNULL = YES;
				CLANG_CXX_LANGUAGE_STANDARD = "gnu++0x";
				CLANG_CXX_LIBRARY = "libc++";
				CLANG_ENABLE_MODULES = YES;
				CLANG_ENABLE_OBJC_ARC = YES;
				CLANG_WARN_BOOL_CONVERSION = YES;
				CLANG_WARN_CONSTANT_CONVERSION = YES;
				CLANG_WARN_DIRECT_OBJC_ISA_USAGE = YES_ERROR;
				CLANG_WARN_DOCUMENTATION_COMMENTS = YES;
				CLANG_WARN_EMPTY_BODY = YES;
				CLANG_WARN_ENUM_CONVERSION = YES;
				CLANG_WARN_INFINITE_RECURSION = YES;
				CLANG_WARN_INT_CONVERSION = YES;
				CLANG_WARN_OBJC_ROOT_CLASS = YES_ERROR;
				CLANG_WARN_SUSPICIOUS_MOVES = YES;
				CLANG_WARN_UNREACHABLE_CODE = YES;
				CLANG_WARN__DUPLICATE_METHOD_MATCH = YES;
				"CODE_SIGN_IDENTITY[sdk=iphoneos*]" = "iPhone Developer";
				COPY_PHASE_STRIP = NO;
				DEBUG_INFORMATION_FORMAT = "dwarf-with-dsym";
				ENABLE_NS_ASSERTIONS = NO;
				ENABLE_STRICT_OBJC_MSGSEND = YES;
				GCC_C_LANGUAGE_STANDARD = gnu99;
				GCC_NO_COMMON_BLOCKS = YES;
				GCC_WARN_64_TO_32_BIT_CONVERSION = YES;
				GCC_WARN_ABOUT_RETURN_TYPE = YES_ERROR;
				GCC_WARN_UNDECLARED_SELECTOR = YES;
				GCC_WARN_UNINITIALIZED_AUTOS = YES_AGGRESSIVE;
				GCC_WARN_UNUSED_FUNCTION = YES;
				GCC_WARN_UNUSED_VARIABLE = YES;
				IPHONEOS_DEPLOYMENT_TARGET = 10.1;
				MTL_ENABLE_DEBUG_INFO = NO;
				SDKROOT = iphoneos;
				VALIDATE_PRODUCT = YES;
			};
			name = Release;
		};
		53D15F1D1EBCA7BD000EC95C /* Debug */ = {
			isa = XCBuildConfiguration;
			buildSettings = {
				ASSETCATALOG_COMPILER_APPICON_NAME = AppIcon;
				DEVELOPMENT_TEAM = CZNJZR433P;
				FRAMEWORK_SEARCH_PATHS = "/Users/huangqiangqiang/Github/OpenCV--";
				INFOPLIST_FILE = "OpenCV-02-显示图片和视频/Info.plist";
				LD_RUNPATH_SEARCH_PATHS = "$(inherited) @executable_path/Frameworks";
				PRODUCT_BUNDLE_IDENTIFIER = "com.huangqiangqiang.OpenCV-02--------";
				PRODUCT_NAME = "$(TARGET_NAME)";
			};
			name = Debug;
		};
		53D15F1E1EBCA7BD000EC95C /* Release */ = {
			isa = XCBuildConfiguration;
			buildSettings = {
				ASSETCATALOG_COMPILER_APPICON_NAME = AppIcon;
				DEVELOPMENT_TEAM = CZNJZR433P;
				FRAMEWORK_SEARCH_PATHS = "/Users/huangqiangqiang/Github/OpenCV--";
				INFOPLIST_FILE = "OpenCV-02-显示图片和视频/Info.plist";
				LD_RUNPATH_SEARCH_PATHS = "$(inherited) @executable_path/Frameworks";
				PRODUCT_BUNDLE_IDENTIFIER = "com.huangqiangqiang.OpenCV-02--------";
				PRODUCT_NAME = "$(TARGET_NAME)";
			};
			name = Release;
		};
/* End XCBuildConfiguration section */

/* Begin XCConfigurationList section */
		53D15F001EBCA7BD000EC95C /* Build configuration list for PBXProject "OpenCV-02-显示图片和视频" */ = {
			isa = XCConfigurationList;
			buildConfigurations = (
				53D15F1A1EBCA7BD000EC95C /* Debug */,
				53D15F1B1EBCA7BD000EC95C /* Release */,
			);
			defaultConfigurationIsVisible = 0;
			defaultConfigurationName = Release;
		};
		53D15F1C1EBCA7BD000EC95C /* Build configuration list for PBXNativeTarget "OpenCV-02-显示图片和视频" */ = {
			isa = XCConfigurationList;
			buildConfigurations = (
				53D15F1D1EBCA7BD000EC95C /* Debug */,
				53D15F1E1EBCA7BD000EC95C /* Release */,
			);
			defaultConfigurationIsVisible = 0;
		};
/* End XCConfigurationList section */
	};
	rootObject = 53D15EFD1EBCA7BD000EC95C /* Project object */;
}
